Microsoft Visual Studio Solution File, Format Version 12.00
# Visual Studio Version 17
VisualStudioVersion = 17.0.31903.59
MinimumVisualStudioVersion = 10.0.40219.1
Project("{FAE04EC0-301F-11D3-BF4B-00C04F79EFBC}") = "FirstProject", "src/FirstProject/FirstProject.csproj", "{A92D0A1F-0E16-4F5C-8C16-7E9F1ACD5C74}"
EndProject
Global
	GlobalSection(SolutionConfigurationPlatforms) = preSolution
		Debug|Any CPU = Debug|Any CPU
		Release|Any CPU = Release|Any CPU
	EndGlobalSection
	GlobalSection(ProjectConfigurationPlatforms) = postSolution
		{A92D0A1F-0E16-4F5C-8C16-7E9F1ACD5C74}.Debug|Any CPU.ActiveCfg = Debug|Any CPU
		{A92D0A1F-0E16-4F5C-8C16-7E9F1ACD5C74}.Debug|Any CPU.Build.0 = Debug|Any CPU
		{A92D0A1F-0E16-4F5C-8C16-7E9F1ACD5C74}.Release|Any CPU.ActiveCfg = Release|Any CPU
		{A92D0A1F-0E16-4F5C-8C16-7E9F1ACD5C74}.Release|Any CPU.Build.0 = Release|Any CPU
	EndGlobalSection
EndGlobal
